
Microsoft Visual Studio Solution File, Format Version 12.00
# Visual Studio 15
VisualStudioVersion = 15.0.28010.2019
MinimumVisualStudioVersion = 10.0.40219.1
Project("{FAE04EC0-301F-11D3-BF4B-00C04F79EFBC}") = "LAB1", "LAB1\LAB1.csproj", "{5ABE778D-9045-4678-9185-7FDAAB1CA3B3}"
EndProject
Project("{FAE04EC0-301F-11D3-BF4B-00C04F79EFBC}") = "LAB2", "LAB2\LAB2.csproj", "{86361E48-91F0-4B52-8DBE-9105A2372968}"
EndProject
Project("{FAE04EC0-301F-11D3-BF4B-00C04F79EFBC}") = "LAB3", "LAB3\LAB3.csproj", "{E5E9F57B-FD3B-491D-9446-08031293729E}"
EndProject
Global
	GlobalSection(SolutionConfigurationPlatforms) = preSolution
		Debug|Any CPU = Debug|Any CPU
		Release|Any CPU = Release|Any CPU
	EndGlobalSection
	GlobalSection(ProjectConfigurationPlatforms) = postSolution
		{5ABE778D-9045-4678-9185-7FDAAB1CA3B3}.Debug|Any CPU.ActiveCfg = Debug|Any CPU
		{5ABE778D-9045-4678-9185-7FDAAB1CA3B3}.Debug|Any CPU.Build.0 = Debug|Any CPU
		{5ABE778D-9045-4678-9185-7FDAAB1CA3B3}.Release|Any CPU.ActiveCfg = Release|Any CPU
		{5ABE778D-9045-4678-9185-7FDAAB1CA3B3}.Release|Any CPU.Build.0 = Release|Any CPU
		{86361E48-91F0-4B52-8DBE-9105A2372968}.Debug|Any CPU.ActiveCfg = Debug|Any CPU
		{86361E48-91F0-4B52-8DBE-9105A2372968}.Debug|Any CPU.Build.0 = Debug|Any CPU
		{86361E48-91F0-4B52-8DBE-9105A2372968}.Release|Any CPU.ActiveCfg = Release|Any CPU
		{86361E48-91F0-4B52-8DBE-9105A2372968}.Release|Any CPU.Build.0 = Release|Any CPU
		{E5E9F57B-FD3B-491D-9446-08031293729E}.Debug|Any CPU.ActiveCfg = Debug|Any CPU
		{E5E9F57B-FD3B-491D-9446-08031293729E}.Debug|Any CPU.Build.0 = Debug|Any CPU
		{E5E9F57B-FD3B-491D-9446-08031293729E}.Release|Any CPU.ActiveCfg = Release|Any CPU
		{E5E9F57B-FD3B-491D-9446-08031293729E}.Release|Any CPU.Build.0 = Release|Any CPU
	EndGlobalSection
	GlobalSection(SolutionProperties) = preSolution
		HideSolutionNode = FALSE
	EndGlobalSection
	GlobalSection(ExtensibilityGlobals) = postSolution
		SolutionGuid = {5FCCDD5C-8459-4D8C-A250-3993B53178C3}
	EndGlobalSection
EndGlobal
